{
  "version": 4,
  "terraform_version": "1.11.2",
  "serial": 49,
  "lineage": "4be98667-8fea-5107-4f69-36eb47e86e98",
  "outputs": {},
  "resources": [
    {
      "mode": "managed",
      "type": "aws_eip",
      "name": "eip",
      "provider": "provider[\"registry.terraform.io/hashicorp/aws\"]",
      "instances": [
        {
          "schema_version": 0,
          "attributes": {
            "address": null,
            "allocation_id": "eipalloc-0bfa68299363254e8",
            "arn": "arn:aws:ec2:us-east-1:445567084926:elastic-ip/eipalloc-0bfa68299363254e8",
            "associate_with_private_ip": null,
            "association_id": "",
            "carrier_ip": "",
            "customer_owned_ip": "",
            "customer_owned_ipv4_pool": "",
            "domain": "vpc",
            "id": "eipalloc-0bfa68299363254e8",
            "instance": "",
            "ipam_pool_id": null,
            "network_border_group": "us-east-1",
            "network_interface": "",
            "private_dns": null,
            "private_ip": "",
            "ptr_record": "",
            "public_dns": "ec2-34-197-156-236.compute-1.amazonaws.com",
            "public_ip": "34.197.156.236",
            "public_ipv4_pool": "amazon",
            "tags": null,
            "tags_all": {},
            "timeouts": null,
            "vpc": true
          },
          "sensitive_attributes": [],
          "private": "eyJlMmJmYjczMC1lY2FhLTExZTYtOGY4OC0zNDM2M2JjN2M0YzAiOnsiZGVsZXRlIjoxODAwMDAwMDAwMDAsInJlYWQiOjkwMDAwMDAwMDAwMCwidXBkYXRlIjozMDAwMDAwMDAwMDB9fQ==",
          "dependencies": [
            "aws_internet_gateway.my_igw",
            "aws_vpc.project"
          ]
        }
      ]
    },
    {
      "mode": "managed",
      "type": "aws_instance",
      "name": "dbserver",
      "provider": "provider[\"registry.terraform.io/hashicorp/aws\"]",
      "instances": [
        {
          "schema_version": 1,
          "attributes": {
            "ami": "ami-00a929b66ed6e0de6",
            "arn": "arn:aws:ec2:us-east-1:445567084926:instance/i-053cc86b5644ca940",
            "associate_public_ip_address": false,
            "availability_zone": "us-east-1b",
            "capacity_reservation_specification": [
              {
                "capacity_reservation_preference": "open",
                "capacity_reservation_target": []
              }
            ],
            "cpu_core_count": 1,
            "cpu_options": [
              {
                "amd_sev_snp": "",
                "core_count": 1,
                "threads_per_core": 1
              }
            ],
            "cpu_threads_per_core": 1,
            "credit_specification": [
              {
                "cpu_credits": "standard"
              }
            ],
            "disable_api_stop": false,
            "disable_api_termination": false,
            "ebs_block_device": [],
            "ebs_optimized": false,
            "enable_primary_ipv6": null,
            "enclave_options": [
              {
                "enabled": false
              }
            ],
            "ephemeral_block_device": [],
            "get_password_data": false,
            "hibernation": false,
            "host_id": "",
            "host_resource_group_arn": null,
            "iam_instance_profile": "",
            "id": "i-053cc86b5644ca940",
            "instance_initiated_shutdown_behavior": "stop",
            "instance_lifecycle": "",
            "instance_market_options": [],
            "instance_state": "running",
            "instance_type": "t2.micro",
            "ipv6_address_count": 0,
            "ipv6_addresses": [],
            "key_name": "web_server",
            "launch_template": [],
            "maintenance_options": [
              {
                "auto_recovery": "default"
              }
            ],
            "metadata_options": [
              {
                "http_endpoint": "enabled",
                "http_protocol_ipv6": "disabled",
                "http_put_response_hop_limit": 2,
                "http_tokens": "required",
                "instance_metadata_tags": "disabled"
              }
            ],
            "monitoring": false,
            "network_interface": [],
            "outpost_arn": "",
            "password_data": "",
            "placement_group": "",
            "placement_partition_number": 0,
            "primary_network_interface_id": "eni-04ff99ad186c7e1d2",
            "private_dns": "ip-10-0-2-182.ec2.internal",
            "private_dns_name_options": [
              {
                "enable_resource_name_dns_a_record": false,
                "enable_resource_name_dns_aaaa_record": false,
                "hostname_type": "ip-name"
              }
            ],
            "private_ip": "10.0.2.182",
            "public_dns": "",
            "public_ip": "",
            "root_block_device": [
              {
                "delete_on_termination": true,
                "device_name": "/dev/xvda",
                "encrypted": false,
                "iops": 3000,
                "kms_key_id": "",
                "tags": {},
                "tags_all": {},
                "throughput": 125,
                "volume_id": "vol-0a9846939ad56ec0f",
                "volume_size": 8,
                "volume_type": "gp3"
              }
            ],
            "secondary_private_ips": [],
            "security_groups": [
              "sg-0620d3f62c4dbb5a6"
            ],
            "source_dest_check": true,
            "spot_instance_request_id": "",
            "subnet_id": "subnet-0578e3ff6914463b5",
            "tags": {
              "Name": "dbserver"
            },
            "tags_all": {
              "Name": "dbserver"
            },
            "tenancy": "default",
            "timeouts": null,
            "user_data": null,
            "user_data_base64": null,
            "user_data_replace_on_change": false,
            "volume_tags": null,
            "vpc_security_group_ids": [
              "sg-0620d3f62c4dbb5a6"
            ]
          },
          "sensitive_attributes": [],
          "private": "eyJlMmJmYjczMC1lY2FhLTExZTYtOGY4OC0zNDM2M2JjN2M0YzAiOnsiY3JlYXRlIjo2MDAwMDAwMDAwMDAsImRlbGV0ZSI6MTIwMDAwMDAwMDAwMCwicmVhZCI6OTAwMDAwMDAwMDAwLCJ1cGRhdGUiOjYwMDAwMDAwMDAwMH0sInNjaGVtYV92ZXJzaW9uIjoiMSJ9",
          "dependencies": [
            "aws_security_group.db_server",
            "aws_security_group.sg_webserver",
            "aws_subnet.db_subnet",
            "aws_vpc.project"
          ]
        }
      ]
    },
    {
      "mode": "managed",
      "type": "aws_instance",
      "name": "web_server",
      "provider": "provider[\"registry.terraform.io/hashicorp/aws\"]",
      "instances": [
        {
          "schema_version": 1,
          "attributes": {
            "ami": "ami-00a929b66ed6e0de6",
            "arn": "arn:aws:ec2:us-east-1:445567084926:instance/i-061b6b91638b7334a",
            "associate_public_ip_address": true,
            "availability_zone": "us-east-1a",
            "capacity_reservation_specification": [
              {
                "capacity_reservation_preference": "open",
                "capacity_reservation_target": []
              }
            ],
            "cpu_core_count": 1,
            "cpu_options": [
              {
                "amd_sev_snp": "",
                "core_count": 1,
                "threads_per_core": 1
              }
            ],
            "cpu_threads_per_core": 1,
            "credit_specification": [
              {
                "cpu_credits": "standard"
              }
            ],
            "disable_api_stop": false,
            "disable_api_termination": false,
            "ebs_block_device": [],
            "ebs_optimized": false,
            "enable_primary_ipv6": null,
            "enclave_options": [
              {
                "enabled": false
              }
            ],
            "ephemeral_block_device": [],
            "get_password_data": false,
            "hibernation": false,
            "host_id": "",
            "host_resource_group_arn": null,
            "iam_instance_profile": "",
            "id": "i-061b6b91638b7334a",
            "instance_initiated_shutdown_behavior": "stop",
            "instance_lifecycle": "",
            "instance_market_options": [],
            "instance_state": "running",
            "instance_type": "t2.micro",
            "ipv6_address_count": 0,
            "ipv6_addresses": [],
            "key_name": "web_server",
            "launch_template": [],
            "maintenance_options": [
              {
                "auto_recovery": "default"
              }
            ],
            "metadata_options": [
              {
                "http_endpoint": "enabled",
                "http_protocol_ipv6": "disabled",
                "http_put_response_hop_limit": 2,
                "http_tokens": "required",
                "instance_metadata_tags": "disabled"
              }
            ],
            "monitoring": false,
            "network_interface": [],
            "outpost_arn": "",
            "password_data": "",
            "placement_group": "",
            "placement_partition_number": 0,
            "primary_network_interface_id": "eni-0080dc9995230d5d4",
            "private_dns": "ip-10-0-1-5.ec2.internal",
            "private_dns_name_options": [
              {
                "enable_resource_name_dns_a_record": false,
                "enable_resource_name_dns_aaaa_record": false,
                "hostname_type": "ip-name"
              }
            ],
            "private_ip": "10.0.1.5",
            "public_dns": "ec2-54-87-101-155.compute-1.amazonaws.com",
            "public_ip": "54.87.101.155",
            "root_block_device": [
              {
                "delete_on_termination": true,
                "device_name": "/dev/xvda",
                "encrypted": false,
                "iops": 3000,
                "kms_key_id": "",
                "tags": {},
                "tags_all": {},
                "throughput": 125,
                "volume_id": "vol-08750ecd310c416c0",
                "volume_size": 8,
                "volume_type": "gp3"
              }
            ],
            "secondary_private_ips": [],
            "security_groups": [
              "sg-09adcdbacd7ade482"
            ],
            "source_dest_check": true,
            "spot_instance_request_id": "",
            "subnet_id": "subnet-02fc335fde59dcfb9",
            "tags": {
              "Name": "webserver"
            },
            "tags_all": {
              "Name": "webserver"
            },
            "tenancy": "default",
            "timeouts": null,
            "user_data": null,
            "user_data_base64": null,
            "user_data_replace_on_change": false,
            "volume_tags": null,
            "vpc_security_group_ids": [
              "sg-09adcdbacd7ade482"
            ]
          },
          "sensitive_attributes": [],
          "private": "eyJlMmJmYjczMC1lY2FhLTExZTYtOGY4OC0zNDM2M2JjN2M0YzAiOnsiY3JlYXRlIjo2MDAwMDAwMDAwMDAsImRlbGV0ZSI6MTIwMDAwMDAwMDAwMCwicmVhZCI6OTAwMDAwMDAwMDAwLCJ1cGRhdGUiOjYwMDAwMDAwMDAwMH0sInNjaGVtYV92ZXJzaW9uIjoiMSJ9",
          "dependencies": [
            "aws_security_group.sg_webserver",
            "aws_subnet.web_server",
            "aws_vpc.project"
          ]
        }
      ]
    },
    {
      "mode": "managed",
      "type": "aws_internet_gateway",
      "name": "my_igw",
      "provider": "provider[\"registry.terraform.io/hashicorp/aws\"]",
      "instances": [
        {
          "schema_version": 0,
          "attributes": {
            "arn": "arn:aws:ec2:us-east-1:445567084926:internet-gateway/igw-0ed62d8fdbfd95a02",
            "id": "igw-0ed62d8fdbfd95a02",
            "owner_id": "445567084926",
            "tags": {
              "Name": "my_igw"
            },
            "tags_all": {
              "Name": "my_igw"
            },
            "timeouts": null,
            "vpc_id": "vpc-029c3f33d342472f4"
          },
          "sensitive_attributes": [],
          "private": "eyJlMmJmYjczMC1lY2FhLTExZTYtOGY4OC0zNDM2M2JjN2M0YzAiOnsiY3JlYXRlIjoxMjAwMDAwMDAwMDAwLCJkZWxldGUiOjEyMDAwMDAwMDAwMDAsInVwZGF0ZSI6MTIwMDAwMDAwMDAwMH19",
          "dependencies": [
            "aws_vpc.project"
          ]
        }
      ]
    },
    {
      "mode": "managed",
      "type": "aws_key_pair",
      "name": "web_key",
      "provider": "provider[\"registry.terraform.io/hashicorp/aws\"]",
      "instances": [
        {
          "schema_version": 1,
          "attributes": {
            "arn": "arn:aws:ec2:us-east-1:445567084926:key-pair/web_server",
            "fingerprint": "5c:41:97:16:cc:8e:5e:47:50:6c:c2:96:f2:fb:54:0f",
            "id": "web_server",
            "key_name": "web_server",
            "key_name_prefix": "",
            "key_pair_id": "key-0966172ac1b4a0b0b",
            "key_type": "rsa",
            "public_key": "ssh-rsa AAAAB3NzaC1yc2EAAAADAQABAAABAQC+mkYlGA7uvOIBrCe7+9ZP0SRVgxRPqe/sFd1tfaOXAjTL5jxiui6c5T0b9jSy/IlAG7uLEuY/d4uGWPNZJ3Q3C7JjMuQBy/id9Ko0nCtlw2sed5Mu0dVQT5Mbja/qt2cK6vHj0P2rAgnXL6aRsSMLvvOPXKXyuaucZOHuepqr3hJt+bJ3lGbK9NHsy01G4HKNynnoYa7YcX5yLj4ptS+TysnXTMIBNyt5eO2fnyk8wdmHTpezikpFG1X52nLC2+fVD2VVsuFiuU/DFHj7HoqKQd5RkbyxFDevTMYP/bUpTD/ETILLHU9n/NlO7S6qlyC6CyxRfWGOw1l/s0o2yQVl",
            "tags": {},
            "tags_all": {}
          },
          "sensitive_attributes": [],
          "private": "eyJzY2hlbWFfdmVyc2lvbiI6IjEifQ==",
          "dependencies": [
            "tls_private_key.web_key"
          ]
        }
      ]
    },
    {
      "mode": "managed",
      "type": "aws_nat_gateway",
      "name": "my_nat",
      "provider": "provider[\"registry.terraform.io/hashicorp/aws\"]",
      "instances": [
        {
          "schema_version": 0,
          "attributes": {
            "allocation_id": "eipalloc-0bfa68299363254e8",
            "association_id": "eipassoc-045517c462f4641c6",
            "connectivity_type": "public",
            "id": "nat-0ad7a8fb6a2aa9c9f",
            "network_interface_id": "eni-08ecca71a95dbe4b4",
            "private_ip": "10.0.1.37",
            "public_ip": "34.197.156.236",
            "secondary_allocation_ids": null,
            "secondary_private_ip_address_count": 0,
            "secondary_private_ip_addresses": [],
            "subnet_id": "subnet-02fc335fde59dcfb9",
            "tags": null,
            "tags_all": {},
            "timeouts": null
          },
          "sensitive_attributes": [],
          "private": "eyJlMmJmYjczMC1lY2FhLTExZTYtOGY4OC0zNDM2M2JjN2M0YzAiOnsiY3JlYXRlIjo2MDAwMDAwMDAwMDAsImRlbGV0ZSI6MTgwMDAwMDAwMDAwMCwidXBkYXRlIjo2MDAwMDAwMDAwMDB9fQ==",
          "dependencies": [
            "aws_eip.eip",
            "aws_internet_gateway.my_igw",
            "aws_subnet.web_server",
            "aws_vpc.project"
          ]
        }
      ]
    },
    {
      "mode": "managed",
      "type": "aws_route",
      "name": "default",
      "provider": "provider[\"registry.terraform.io/hashicorp/aws\"]",
      "instances": [
        {
          "schema_version": 0,
          "attributes": {
            "carrier_gateway_id": "",
            "core_network_arn": "",
            "destination_cidr_block": "0.0.0.0/0",
            "destination_ipv6_cidr_block": "",
            "destination_prefix_list_id": "",
            "egress_only_gateway_id": "",
            "gateway_id": "igw-0ed62d8fdbfd95a02",
            "id": "r-rtb-02e706fd583f5a3ab1080289494",
            "instance_id": "",
            "instance_owner_id": "",
            "local_gateway_id": "",
            "nat_gateway_id": "",
            "network_interface_id": "",
            "origin": "CreateRoute",
            "route_table_id": "rtb-02e706fd583f5a3ab",
            "state": "active",
            "timeouts": null,
            "transit_gateway_id": "",
            "vpc_endpoint_id": "",
            "vpc_peering_connection_id": ""
          },
          "sensitive_attributes": [],
          "private": "eyJlMmJmYjczMC1lY2FhLTExZTYtOGY4OC0zNDM2M2JjN2M0YzAiOnsiY3JlYXRlIjozMDAwMDAwMDAwMDAsImRlbGV0ZSI6MzAwMDAwMDAwMDAwLCJ1cGRhdGUiOjEyMDAwMDAwMDAwMH19",
          "dependencies": [
            "aws_internet_gateway.my_igw",
            "aws_route_table.routetable",
            "aws_vpc.project"
          ]
        }
      ]
    },
    {
      "mode": "managed",
      "type": "aws_route_table",
      "name": "private_route",
      "provider": "provider[\"registry.terraform.io/hashicorp/aws\"]",
      "instances": [
        {
          "schema_version": 0,
          "attributes": {
            "arn": "arn:aws:ec2:us-east-1:445567084926:route-table/rtb-04b893c7b1ba54bbb",
            "id": "rtb-04b893c7b1ba54bbb",
            "owner_id": "445567084926",
            "propagating_vgws": [],
            "route": [
              {
                "carrier_gateway_id": "",
                "cidr_block": "0.0.0.0/0",
                "core_network_arn": "",
                "destination_prefix_list_id": "",
                "egress_only_gateway_id": "",
                "gateway_id": "",
                "ipv6_cidr_block": "",
                "local_gateway_id": "",
                "nat_gateway_id": "nat-0ad7a8fb6a2aa9c9f",
                "network_interface_id": "",
                "transit_gateway_id": "",
                "vpc_endpoint_id": "",
                "vpc_peering_connection_id": ""
              }
            ],
            "tags": {
              "Name": "private_route"
            },
            "tags_all": {
              "Name": "private_route"
            },
            "timeouts": null,
            "vpc_id": "vpc-029c3f33d342472f4"
          },
          "sensitive_attributes": [],
          "private": "eyJlMmJmYjczMC1lY2FhLTExZTYtOGY4OC0zNDM2M2JjN2M0YzAiOnsiY3JlYXRlIjozMDAwMDAwMDAwMDAsImRlbGV0ZSI6MzAwMDAwMDAwMDAwLCJ1cGRhdGUiOjEyMDAwMDAwMDAwMH19",
          "dependencies": [
            "aws_eip.eip",
            "aws_internet_gateway.my_igw",
            "aws_nat_gateway.my_nat",
            "aws_subnet.web_server",
            "aws_vpc.project"
          ]
        }
      ]
    },
    {
      "mode": "managed",
      "type": "aws_route_table",
      "name": "routetable",
      "provider": "provider[\"registry.terraform.io/hashicorp/aws\"]",
      "instances": [
        {
          "schema_version": 0,
          "attributes": {
            "arn": "arn:aws:ec2:us-east-1:445567084926:route-table/rtb-02e706fd583f5a3ab",
            "id": "rtb-02e706fd583f5a3ab",
            "owner_id": "445567084926",
            "propagating_vgws": [],
            "route": [
              {
                "carrier_gateway_id": "",
                "cidr_block": "0.0.0.0/0",
                "core_network_arn": "",
                "destination_prefix_list_id": "",
                "egress_only_gateway_id": "",
                "gateway_id": "igw-0ed62d8fdbfd95a02",
                "ipv6_cidr_block": "",
                "local_gateway_id": "",
                "nat_gateway_id": "",
                "network_interface_id": "",
                "transit_gateway_id": "",
                "vpc_endpoint_id": "",
                "vpc_peering_connection_id": ""
              }
            ],
            "tags": {
              "Name": "my_route_table"
            },
            "tags_all": {
              "Name": "my_route_table"
            },
            "timeouts": null,
            "vpc_id": "vpc-029c3f33d342472f4"
          },
          "sensitive_attributes": [],
          "private": "eyJlMmJmYjczMC1lY2FhLTExZTYtOGY4OC0zNDM2M2JjN2M0YzAiOnsiY3JlYXRlIjozMDAwMDAwMDAwMDAsImRlbGV0ZSI6MzAwMDAwMDAwMDAwLCJ1cGRhdGUiOjEyMDAwMDAwMDAwMH19",
          "dependencies": [
            "aws_vpc.project"
          ]
        }
      ]
    },
    {
      "mode": "managed",
      "type": "aws_route_table_association",
      "name": "private_route",
      "provider": "provider[\"registry.terraform.io/hashicorp/aws\"]",
      "instances": [
        {
          "schema_version": 0,
          "attributes": {
            "gateway_id": "",
            "id": "rtbassoc-01cffb14bba8265ab",
            "route_table_id": "rtb-04b893c7b1ba54bbb",
            "subnet_id": "subnet-0578e3ff6914463b5",
            "timeouts": null
          },
          "sensitive_attributes": [],
          "private": "eyJlMmJmYjczMC1lY2FhLTExZTYtOGY4OC0zNDM2M2JjN2M0YzAiOnsiY3JlYXRlIjozMDAwMDAwMDAwMDAsImRlbGV0ZSI6MzAwMDAwMDAwMDAwLCJ1cGRhdGUiOjEyMDAwMDAwMDAwMH19",
          "dependencies": [
            "aws_eip.eip",
            "aws_internet_gateway.my_igw",
            "aws_nat_gateway.my_nat",
            "aws_route_table.private_route",
            "aws_subnet.db_subnet",
            "aws_subnet.web_server",
            "aws_vpc.project"
          ]
        }
      ]
    },
    {
      "mode": "managed",
      "type": "aws_route_table_association",
      "name": "web_server",
      "provider": "provider[\"registry.terraform.io/hashicorp/aws\"]",
      "instances": [
        {
          "schema_version": 0,
          "attributes": {
            "gateway_id": "",
            "id": "rtbassoc-0fd6c7c2e64bf8da7",
            "route_table_id": "rtb-02e706fd583f5a3ab",
            "subnet_id": "subnet-02fc335fde59dcfb9",
            "timeouts": null
          },
          "sensitive_attributes": [],
          "private": "eyJlMmJmYjczMC1lY2FhLTExZTYtOGY4OC0zNDM2M2JjN2M0YzAiOnsiY3JlYXRlIjozMDAwMDAwMDAwMDAsImRlbGV0ZSI6MzAwMDAwMDAwMDAwLCJ1cGRhdGUiOjEyMDAwMDAwMDAwMH19",
          "dependencies": [
            "aws_route_table.routetable",
            "aws_subnet.web_server",
            "aws_vpc.project"
          ]
        }
      ]
    },
    {
      "mode": "managed",
      "type": "aws_security_group",
      "name": "db_server",
      "provider": "provider[\"registry.terraform.io/hashicorp/aws\"]",
      "instances": [
        {
          "schema_version": 1,
          "attributes": {
            "arn": "arn:aws:ec2:us-east-1:445567084926:security-group/sg-0620d3f62c4dbb5a6",
            "description": "Managed by Terraform",
            "egress": [
              {
                "cidr_blocks": [
                  "0.0.0.0/0"
                ],
                "description": "",
                "from_port": 0,
                "ipv6_cidr_blocks": [],
                "prefix_list_ids": [],
                "protocol": "-1",
                "security_groups": [],
                "self": false,
                "to_port": 0
              }
            ],
            "id": "sg-0620d3f62c4dbb5a6",
            "ingress": [
              {
                "cidr_blocks": [],
                "description": "",
                "from_port": 22,
                "ipv6_cidr_blocks": [],
                "prefix_list_ids": [],
                "protocol": "tcp",
                "security_groups": [
                  "sg-09adcdbacd7ade482"
                ],
                "self": false,
                "to_port": 22
              },
              {
                "cidr_blocks": [],
                "description": "",
                "from_port": 3306,
                "ipv6_cidr_blocks": [],
                "prefix_list_ids": [],
                "protocol": "tcp",
                "security_groups": [
                  "sg-09adcdbacd7ade482"
                ],
                "self": false,
                "to_port": 3306
              }
            ],
            "name": "terraform-20250406052400447300000003",
            "name_prefix": "terraform-",
            "owner_id": "445567084926",
            "revoke_rules_on_delete": false,
            "tags": {},
            "tags_all": {},
            "timeouts": null,
            "vpc_id": "vpc-029c3f33d342472f4"
          },
          "sensitive_attributes": [],
          "private": "eyJlMmJmYjczMC1lY2FhLTExZTYtOGY4OC0zNDM2M2JjN2M0YzAiOnsiY3JlYXRlIjo2MDAwMDAwMDAwMDAsImRlbGV0ZSI6OTAwMDAwMDAwMDAwfSwic2NoZW1hX3ZlcnNpb24iOiIxIn0=",
          "dependencies": [
            "aws_security_group.sg_webserver",
            "aws_vpc.project"
          ]
        }
      ]
    },
    {
      "mode": "managed",
      "type": "aws_security_group",
      "name": "sg_webserver",
      "provider": "provider[\"registry.terraform.io/hashicorp/aws\"]",
      "instances": [
        {
          "schema_version": 1,
          "attributes": {
            "arn": "arn:aws:ec2:us-east-1:445567084926:security-group/sg-09adcdbacd7ade482",
            "description": "Managed by Terraform",
            "egress": [
              {
                "cidr_blocks": [
                  "0.0.0.0/0"
                ],
                "description": "",
                "from_port": 0,
                "ipv6_cidr_blocks": [],
                "prefix_list_ids": [],
                "protocol": "-1",
                "security_groups": [],
                "self": false,
                "to_port": 0
              }
            ],
            "id": "sg-09adcdbacd7ade482",
            "ingress": [
              {
                "cidr_blocks": [
                  "0.0.0.0/0"
                ],
                "description": "",
                "from_port": 22,
                "ipv6_cidr_blocks": [],
                "prefix_list_ids": [],
                "protocol": "tcp",
                "security_groups": [],
                "self": false,
                "to_port": 22
              },
              {
                "cidr_blocks": [
                  "0.0.0.0/0"
                ],
                "description": "",
                "from_port": 80,
                "ipv6_cidr_blocks": [],
                "prefix_list_ids": [],
                "protocol": "tcp",
                "security_groups": [],
                "self": false,
                "to_port": 80
              }
            ],
            "name": "terraform-20250406052354169700000002",
            "name_prefix": "terraform-",
            "owner_id": "445567084926",
            "revoke_rules_on_delete": false,
            "tags": {},
            "tags_all": {},
            "timeouts": null,
            "vpc_id": "vpc-029c3f33d342472f4"
          },
          "sensitive_attributes": [],
          "private": "eyJlMmJmYjczMC1lY2FhLTExZTYtOGY4OC0zNDM2M2JjN2M0YzAiOnsiY3JlYXRlIjo2MDAwMDAwMDAwMDAsImRlbGV0ZSI6OTAwMDAwMDAwMDAwfSwic2NoZW1hX3ZlcnNpb24iOiIxIn0=",
          "dependencies": [
            "aws_vpc.project"
          ]
        }
      ]
    },
    {
      "mode": "managed",
      "type": "aws_subnet",
      "name": "db_subnet",
      "provider": "provider[\"registry.terraform.io/hashicorp/aws\"]",
      "instances": [
        {
          "schema_version": 1,
          "attributes": {
            "arn": "arn:aws:ec2:us-east-1:445567084926:subnet/subnet-0578e3ff6914463b5",
            "assign_ipv6_address_on_creation": false,
            "availability_zone": "us-east-1b",
            "availability_zone_id": "use1-az4",
            "cidr_block": "10.0.2.0/24",
            "customer_owned_ipv4_pool": "",
            "enable_dns64": false,
            "enable_lni_at_device_index": 0,
            "enable_resource_name_dns_a_record_on_launch": false,
            "enable_resource_name_dns_aaaa_record_on_launch": false,
            "id": "subnet-0578e3ff6914463b5",
            "ipv6_cidr_block": "",
            "ipv6_cidr_block_association_id": "",
            "ipv6_native": false,
            "map_customer_owned_ip_on_launch": false,
            "map_public_ip_on_launch": false,
            "outpost_arn": "",
            "owner_id": "445567084926",
            "private_dns_hostname_type_on_launch": "ip-name",
            "tags": {
              "Name": "db_subnet"
            },
            "tags_all": {
              "Name": "db_subnet"
            },
            "timeouts": null,
            "vpc_id": "vpc-029c3f33d342472f4"
          },
          "sensitive_attributes": [],
          "private": "eyJlMmJmYjczMC1lY2FhLTExZTYtOGY4OC0zNDM2M2JjN2M0YzAiOnsiY3JlYXRlIjo2MDAwMDAwMDAwMDAsImRlbGV0ZSI6MTIwMDAwMDAwMDAwMH0sInNjaGVtYV92ZXJzaW9uIjoiMSJ9",
          "dependencies": [
            "aws_vpc.project"
          ]
        }
      ]
    },
    {
      "mode": "managed",
      "type": "aws_subnet",
      "name": "web_server",
      "provider": "provider[\"registry.terraform.io/hashicorp/aws\"]",
      "instances": [
        {
          "schema_version": 1,
          "attributes": {
            "arn": "arn:aws:ec2:us-east-1:445567084926:subnet/subnet-02fc335fde59dcfb9",
            "assign_ipv6_address_on_creation": false,
            "availability_zone": "us-east-1a",
            "availability_zone_id": "use1-az2",
            "cidr_block": "10.0.1.0/24",
            "customer_owned_ipv4_pool": "",
            "enable_dns64": false,
            "enable_lni_at_device_index": 0,
            "enable_resource_name_dns_a_record_on_launch": false,
            "enable_resource_name_dns_aaaa_record_on_launch": false,
            "id": "subnet-02fc335fde59dcfb9",
            "ipv6_cidr_block": "",
            "ipv6_cidr_block_association_id": "",
            "ipv6_native": false,
            "map_customer_owned_ip_on_launch": false,
            "map_public_ip_on_launch": true,
            "outpost_arn": "",
            "owner_id": "445567084926",
            "private_dns_hostname_type_on_launch": "ip-name",
            "tags": {
              "Name": "web_server"
            },
            "tags_all": {
              "Name": "web_server"
            },
            "timeouts": null,
            "vpc_id": "vpc-029c3f33d342472f4"
          },
          "sensitive_attributes": [],
          "private": "eyJlMmJmYjczMC1lY2FhLTExZTYtOGY4OC0zNDM2M2JjN2M0YzAiOnsiY3JlYXRlIjo2MDAwMDAwMDAwMDAsImRlbGV0ZSI6MTIwMDAwMDAwMDAwMH0sInNjaGVtYV92ZXJzaW9uIjoiMSJ9",
          "dependencies": [
            "aws_vpc.project"
          ]
        }
      ]
    },
    {
      "mode": "managed",
      "type": "aws_vpc",
      "name": "project",
      "provider": "provider[\"registry.terraform.io/hashicorp/aws\"]",
      "instances": [
        {
          "schema_version": 1,
          "attributes": {
            "arn": "arn:aws:ec2:us-east-1:445567084926:vpc/vpc-029c3f33d342472f4",
            "assign_generated_ipv6_cidr_block": false,
            "cidr_block": "10.0.0.0/16",
            "default_network_acl_id": "acl-0ca389f06b3e9b812",
            "default_route_table_id": "rtb-0a6c9842679f3f189",
            "default_security_group_id": "sg-008c4d88e644481d2",
            "dhcp_options_id": "dopt-0ca459735a1851cbd",
            "enable_dns_hostnames": true,
            "enable_dns_support": true,
            "enable_network_address_usage_metrics": false,
            "id": "vpc-029c3f33d342472f4",
            "instance_tenancy": "default",
            "ipv4_ipam_pool_id": null,
            "ipv4_netmask_length": null,
            "ipv6_association_id": "",
            "ipv6_cidr_block": "",
            "ipv6_cidr_block_network_border_group": "",
            "ipv6_ipam_pool_id": "",
            "ipv6_netmask_length": 0,
            "main_route_table_id": "rtb-0a6c9842679f3f189",
            "owner_id": "445567084926",
            "tags": {
              "Name": "my_vpc"
            },
            "tags_all": {
              "Name": "my_vpc"
            }
          },
          "sensitive_attributes": [],
          "private": "eyJzY2hlbWFfdmVyc2lvbiI6IjEifQ=="
        }
      ]
    },
    {
      "mode": "managed",
      "type": "local_file",
      "name": "keypair",
      "provider": "provider[\"registry.terraform.io/hashicorp/local\"]",
      "instances": [
        {
          "schema_version": 0,
          "attributes": {
            "content": "-----BEGIN RSA PRIVATE KEY-----\nMIIEogIBAAKCAQEAvppGJRgO7rziAawnu/vWT9EkVYMUT6nv7BXdbX2jlwI0y+Y8\nYrounOU9G/Y0svyJQBu7ixLmP3eLhljzWSd0NwuyYzLkAcv4nfSqNJwrZcNrHneT\nLtHVUE+TG42v6rdnCurx49D9qwIJ1y+mkbEjC77zj1yl8rmrnGTh7nqaq94Sbfmy\nd5RmyvTR7MtNRuByjcp56GGu2HF+ci4+KbUvk8rJ10zCATcreXjtn58pPMHZh06X\ns4pKRRtV+dpywtvn1Q9lVbLhYrlPwxR4+x6KikHeUZG8sRQ3r0zGD/21KUw/xEyC\nyx1PZ/zZTu0uqpcgugssUX1hjsNZf7NKNskFZQIDAQABAoIBAEEv5jmdhs3jz7Ae\nvuAt+1gFAVY1pGayihnGSJq/04k7+e6aaaCiaHrEdCfyBogIkrBYS8X+yrx+GDv0\nhBXDxp1k5LfEmfJ7XiY3nVas6rK9KQ+cebwTi88RyBAuXzH5U8aKH/x4Z6lq4w6z\nf1ZorMHBpu8rEp53Hdg5MIQtbmTE0MU7S6faXNRsy3F32j4sq310RVPFs4EPXHH4\nRsI0WYkLm5TLnXiZFcMXWc+p4yvwWwmzolhBXuAfQPAJZ99sI2S6D3gr789xvj4F\nRHtG0cilEv2ZFZo9yWOPsJJ+/SA21VLVVXQIPsJ7Dp6L3HQSPzD8VHI1Eg+9lGc5\n+JhdhEECgYEAxzLIuiuqU9fCWffgk0bT3wxKFF6pEq7AFXSbrYJZP3UvLqT5WyF9\nBkLc+zVmhG7cOvlmus0A8jJDJcafO6tC3wB4cWpZtb7JO/s6S3KbVYoJ0OFnFcLe\njl1kvI+3ljKPpbfoVWp4LrvLJjFEkLxLqwVmfYmHQhy7Y09IbWgbZT0CgYEA9PQD\nHThoBZPyWaQnDtDBBA0esFM00J/Nt9QyIxIuvCLX8y7Ff7l7WKFuuwhAbHPyd/6y\nNFgjJ6zlMlUmJ7Wf5p/xbmCVrnIZimgIM1RBi2YQxFVTTHUmPydcVCBoTFa+6gZr\n/HpqTFcD4xz9oGvmUettC0QGy4jJZLdv9WHmM0kCgYBsbvWbekeGym1ugiOKqESP\nJ2Zv/jN1CxFe3JId+lXQ2F5turpOZEVlkiIu0RvUPXC+3aKRTyUTsk6hEqT9WzXU\npLHrsyPQbmGmuBQ8m8942eKMBRcTXne98ZLznhwms7FEWX8sd/+iGPH2AV28l/Ns\nzkzDS4kIcRGEdtULUV+QVQKBgEpN2sP6YFOQ1WsryE1ONb6s3CpQkyzVzOl+jNbm\npRac2zUBcxeThD8WeShzEFfVtC+CKzyFn+RhJgVmnvRcu+yRiAMbeUw5gFXjyNkJ\nLfjDNULZPzNqNffiULeUPQ8rIS6MVCV6XNRbcOpr2OPY1zzyVVmdgRIspCrRGj0t\nPU9BAoGAQi/TlJhawhgXrnBp3qVLb9TRR18wwGQMTzMSll7yuSW3V2Ac50AQ1+Wx\n5NpS+9avAE6YppcKz+0lCGvDzKIHwCJSwlzS2wW79Xd/RujkcCHC9br6d8vwECu4\nY1zRNEuIrzLRKaJYe9RXUmgOmfhM9ay/rJC5da6ex7cilOwPccY=\n-----END RSA PRIVATE KEY-----\n",
            "content_base64": null,
            "content_base64sha256": "y+cEn1zDSgD42aVoLFuJsPCS8eZ1U9dGlmOIspSP5wA=",
            "content_base64sha512": "IfOIUXV24Dosz8kc8Vv5G9ms6l6TqhtGwOHj9QVWuYMZ76GkAQbYJef8Geb7KK+5T1BANsHczj92lHEwJT1+tQ==",
            "content_md5": "96c8dfbc6cdde81d0161b8b257431104",
            "content_sha1": "12d5007947f960441c5619cf095943be6a38d4c6",
            "content_sha256": "cbe7049f5cc34a00f8d9a5682c5b89b0f092f1e67553d746966388b2948fe700",
            "content_sha512": "21f388517576e03a2ccfc91cf15bf91bd9acea5e93aa1b46c0e1e3f50556b98319efa1a40106d825e7fc19e6fb28afb94f504036c1dcce3f76947130253d7eb5",
            "directory_permission": "0777",
            "file_permission": "0777",
            "filename": "web_server.pem",
            "id": "12d5007947f960441c5619cf095943be6a38d4c6",
            "sensitive_content": null,
            "source": null
          },
          "sensitive_attributes": [
            [
              {
                "type": "get_attr",
                "value": "content"
              }
            ],
            [
              {
                "type": "get_attr",
                "value": "sensitive_content"
              }
            ]
          ],
          "dependencies": [
            "tls_private_key.web_key"
          ]
        }
      ]
    },
    {
      "mode": "managed",
      "type": "null_resource",
      "name": "copy_key_ec2",
      "provider": "provider[\"registry.terraform.io/hashicorp/null\"]",
      "instances": [
        {
          "status": "tainted",
          "schema_version": 0,
          "attributes": {
            "id": "4227336369550972279",
            "triggers": null
          },
          "sensitive_attributes": [],
          "dependencies": [
            "aws_instance.web_server",
            "aws_security_group.sg_webserver",
            "aws_subnet.web_server",
            "aws_vpc.project"
          ]
        }
      ]
    },
    {
      "mode": "managed",
      "type": "null_resource",
      "name": "running_the_website",
      "provider": "provider[\"registry.terraform.io/hashicorp/null\"]",
      "instances": [
        {
          "status": "tainted",
          "schema_version": 0,
          "attributes": {
            "id": "6053657135622529732",
            "triggers": null
          },
          "sensitive_attributes": [],
          "dependencies": [
            "aws_instance.dbserver",
            "aws_instance.web_server",
            "aws_security_group.db_server",
            "aws_security_group.sg_webserver",
            "aws_subnet.db_subnet",
            "aws_subnet.web_server",
            "aws_vpc.project"
          ]
        }
      ]
    },
    {
      "mode": "managed",
      "type": "tls_private_key",
      "name": "web_key",
      "provider": "provider[\"registry.terraform.io/hashicorp/tls\"]",
      "instances": [
        {
          "schema_version": 1,
          "attributes": {
            "algorithm": "RSA",
            "ecdsa_curve": "P224",
            "id": "3fff53612012e0923ac1f9be8ac6209be02017a5",
            "private_key_openssh": "-----BEGIN OPENSSH PRIVATE KEY-----\nb3BlbnNzaC1rZXktdjEAAAAABG5vbmUAAAAEbm9uZQAAAAAAAAABAAABFwAAAAdz\nc2gtcnNhAAAAAwEAAQAAAQEAvppGJRgO7rziAawnu/vWT9EkVYMUT6nv7BXdbX2j\nlwI0y+Y8YrounOU9G/Y0svyJQBu7ixLmP3eLhljzWSd0NwuyYzLkAcv4nfSqNJwr\nZcNrHneTLtHVUE+TG42v6rdnCurx49D9qwIJ1y+mkbEjC77zj1yl8rmrnGTh7nqa\nq94Sbfmyd5RmyvTR7MtNRuByjcp56GGu2HF+ci4+KbUvk8rJ10zCATcreXjtn58p\nPMHZh06Xs4pKRRtV+dpywtvn1Q9lVbLhYrlPwxR4+x6KikHeUZG8sRQ3r0zGD/21\nKUw/xEyCyx1PZ/zZTu0uqpcgugssUX1hjsNZf7NKNskFZQAAA7jvi9cC74vXAgAA\nAAdzc2gtcnNhAAABAQC+mkYlGA7uvOIBrCe7+9ZP0SRVgxRPqe/sFd1tfaOXAjTL\n5jxiui6c5T0b9jSy/IlAG7uLEuY/d4uGWPNZJ3Q3C7JjMuQBy/id9Ko0nCtlw2se\nd5Mu0dVQT5Mbja/qt2cK6vHj0P2rAgnXL6aRsSMLvvOPXKXyuaucZOHuepqr3hJt\n+bJ3lGbK9NHsy01G4HKNynnoYa7YcX5yLj4ptS+TysnXTMIBNyt5eO2fnyk8wdmH\nTpezikpFG1X52nLC2+fVD2VVsuFiuU/DFHj7HoqKQd5RkbyxFDevTMYP/bUpTD/E\nTILLHU9n/NlO7S6qlyC6CyxRfWGOw1l/s0o2yQVlAAAAAwEAAQAAAQBBL+Y5nYbN\n48+wHr7gLftYBQFWNaRmsooZxkiav9OJO/nummmgomh6xHQn8gaICJKwWEvF/sq8\nfhg79IQVw8adZOS3xJnye14mN51WrOqyvSkPnHm8E4vPEcgQLl8x+VPGih/8eGep\nauMOs39WaKzBwabvKxKedx3YOTCELW5kxNDFO0un2lzUbMtxd9o+LKt9dEVTxbOB\nD1xx+EbCNFmJC5uUy514mRXDF1nPqeMr8FsJs6JYQV7gH0DwCWffbCNkug94K+/P\ncb4+BUR7RtHIpRL9mRWaPcljj7CSfv0gNtVS1VV0CD7Cew6ei9x0Ej8w/FRyNRIP\nvZRnOfiYXYRBAAAAgEIv05SYWsIYF65wad6lS2/U0UdfMMBkDE8zEpZe8rklt1dg\nHOdAENflseTaUvvWrwBOmKaXCs/tJQhrw8yiB8AiUsJc0tsFu/V3f0bo5HAhwvW6\n+nfL8BAruGNc0TRLiK8y0SmiWHvUV1JoDpn4TPWsv6yQuXWunse3IpTsD3HGAAAA\ngQDHMsi6K6pT18JZ9+CTRtPfDEoUXqkSrsAVdJutglk/dS8upPlbIX0GQtz7NWaE\nbtw6+Wa6zQDyMkMlxp87q0LfAHhxalm1vsk7+zpLcptVignQ4WcVwt6OXWS8j7eW\nMo+lt+hVanguu8smMUSQvEurBWZ9iYdCHLtjT0htaBtlPQAAAIEA9PQDHThoBZPy\nWaQnDtDBBA0esFM00J/Nt9QyIxIuvCLX8y7Ff7l7WKFuuwhAbHPyd/6yNFgjJ6zl\nMlUmJ7Wf5p/xbmCVrnIZimgIM1RBi2YQxFVTTHUmPydcVCBoTFa+6gZr/HpqTFcD\n4xz9oGvmUettC0QGy4jJZLdv9WHmM0kAAAAAAQID\n-----END OPENSSH PRIVATE KEY-----\n",
            "private_key_pem": "-----BEGIN RSA PRIVATE KEY-----\nMIIEogIBAAKCAQEAvppGJRgO7rziAawnu/vWT9EkVYMUT6nv7BXdbX2jlwI0y+Y8\nYrounOU9G/Y0svyJQBu7ixLmP3eLhljzWSd0NwuyYzLkAcv4nfSqNJwrZcNrHneT\nLtHVUE+TG42v6rdnCurx49D9qwIJ1y+mkbEjC77zj1yl8rmrnGTh7nqaq94Sbfmy\nd5RmyvTR7MtNRuByjcp56GGu2HF+ci4+KbUvk8rJ10zCATcreXjtn58pPMHZh06X\ns4pKRRtV+dpywtvn1Q9lVbLhYrlPwxR4+x6KikHeUZG8sRQ3r0zGD/21KUw/xEyC\nyx1PZ/zZTu0uqpcgugssUX1hjsNZf7NKNskFZQIDAQABAoIBAEEv5jmdhs3jz7Ae\nvuAt+1gFAVY1pGayihnGSJq/04k7+e6aaaCiaHrEdCfyBogIkrBYS8X+yrx+GDv0\nhBXDxp1k5LfEmfJ7XiY3nVas6rK9KQ+cebwTi88RyBAuXzH5U8aKH/x4Z6lq4w6z\nf1ZorMHBpu8rEp53Hdg5MIQtbmTE0MU7S6faXNRsy3F32j4sq310RVPFs4EPXHH4\nRsI0WYkLm5TLnXiZFcMXWc+p4yvwWwmzolhBXuAfQPAJZ99sI2S6D3gr789xvj4F\nRHtG0cilEv2ZFZo9yWOPsJJ+/SA21VLVVXQIPsJ7Dp6L3HQSPzD8VHI1Eg+9lGc5\n+JhdhEECgYEAxzLIuiuqU9fCWffgk0bT3wxKFF6pEq7AFXSbrYJZP3UvLqT5WyF9\nBkLc+zVmhG7cOvlmus0A8jJDJcafO6tC3wB4cWpZtb7JO/s6S3KbVYoJ0OFnFcLe\njl1kvI+3ljKPpbfoVWp4LrvLJjFEkLxLqwVmfYmHQhy7Y09IbWgbZT0CgYEA9PQD\nHThoBZPyWaQnDtDBBA0esFM00J/Nt9QyIxIuvCLX8y7Ff7l7WKFuuwhAbHPyd/6y\nNFgjJ6zlMlUmJ7Wf5p/xbmCVrnIZimgIM1RBi2YQxFVTTHUmPydcVCBoTFa+6gZr\n/HpqTFcD4xz9oGvmUettC0QGy4jJZLdv9WHmM0kCgYBsbvWbekeGym1ugiOKqESP\nJ2Zv/jN1CxFe3JId+lXQ2F5turpOZEVlkiIu0RvUPXC+3aKRTyUTsk6hEqT9WzXU\npLHrsyPQbmGmuBQ8m8942eKMBRcTXne98ZLznhwms7FEWX8sd/+iGPH2AV28l/Ns\nzkzDS4kIcRGEdtULUV+QVQKBgEpN2sP6YFOQ1WsryE1ONb6s3CpQkyzVzOl+jNbm\npRac2zUBcxeThD8WeShzEFfVtC+CKzyFn+RhJgVmnvRcu+yRiAMbeUw5gFXjyNkJ\nLfjDNULZPzNqNffiULeUPQ8rIS6MVCV6XNRbcOpr2OPY1zzyVVmdgRIspCrRGj0t\nPU9BAoGAQi/TlJhawhgXrnBp3qVLb9TRR18wwGQMTzMSll7yuSW3V2Ac50AQ1+Wx\n5NpS+9avAE6YppcKz+0lCGvDzKIHwCJSwlzS2wW79Xd/RujkcCHC9br6d8vwECu4\nY1zRNEuIrzLRKaJYe9RXUmgOmfhM9ay/rJC5da6ex7cilOwPccY=\n-----END RSA PRIVATE KEY-----\n",
            "private_key_pem_pkcs8": "-----BEGIN PRIVATE KEY-----\nMIIEvAIBADANBgkqhkiG9w0BAQEFAASCBKYwggSiAgEAAoIBAQC+mkYlGA7uvOIB\nrCe7+9ZP0SRVgxRPqe/sFd1tfaOXAjTL5jxiui6c5T0b9jSy/IlAG7uLEuY/d4uG\nWPNZJ3Q3C7JjMuQBy/id9Ko0nCtlw2sed5Mu0dVQT5Mbja/qt2cK6vHj0P2rAgnX\nL6aRsSMLvvOPXKXyuaucZOHuepqr3hJt+bJ3lGbK9NHsy01G4HKNynnoYa7YcX5y\nLj4ptS+TysnXTMIBNyt5eO2fnyk8wdmHTpezikpFG1X52nLC2+fVD2VVsuFiuU/D\nFHj7HoqKQd5RkbyxFDevTMYP/bUpTD/ETILLHU9n/NlO7S6qlyC6CyxRfWGOw1l/\ns0o2yQVlAgMBAAECggEAQS/mOZ2GzePPsB6+4C37WAUBVjWkZrKKGcZImr/TiTv5\n7pppoKJoesR0J/IGiAiSsFhLxf7KvH4YO/SEFcPGnWTkt8SZ8nteJjedVqzqsr0p\nD5x5vBOLzxHIEC5fMflTxoof/HhnqWrjDrN/VmiswcGm7ysSnncd2DkwhC1uZMTQ\nxTtLp9pc1GzLcXfaPiyrfXRFU8WzgQ9ccfhGwjRZiQublMudeJkVwxdZz6njK/Bb\nCbOiWEFe4B9A8Aln32wjZLoPeCvvz3G+PgVEe0bRyKUS/ZkVmj3JY4+wkn79IDbV\nUtVVdAg+wnsOnovcdBI/MPxUcjUSD72UZzn4mF2EQQKBgQDHMsi6K6pT18JZ9+CT\nRtPfDEoUXqkSrsAVdJutglk/dS8upPlbIX0GQtz7NWaEbtw6+Wa6zQDyMkMlxp87\nq0LfAHhxalm1vsk7+zpLcptVignQ4WcVwt6OXWS8j7eWMo+lt+hVanguu8smMUSQ\nvEurBWZ9iYdCHLtjT0htaBtlPQKBgQD09AMdOGgFk/JZpCcO0MEEDR6wUzTQn823\n1DIjEi68ItfzLsV/uXtYoW67CEBsc/J3/rI0WCMnrOUyVSYntZ/mn/FuYJWuchmK\naAgzVEGLZhDEVVNMdSY/J1xUIGhMVr7qBmv8empMVwPjHP2ga+ZR620LRAbLiMlk\nt2/1YeYzSQKBgGxu9Zt6R4bKbW6CI4qoRI8nZm/+M3ULEV7ckh36VdDYXm26uk5k\nRWWSIi7RG9Q9cL7dopFPJROyTqESpP1bNdSkseuzI9BuYaa4FDybz3jZ4owFFxNe\nd73xkvOeHCazsURZfyx3/6IY8fYBXbyX82zOTMNLiQhxEYR21QtRX5BVAoGASk3a\nw/pgU5DVayvITU41vqzcKlCTLNXM6X6M1ualFpzbNQFzF5OEPxZ5KHMQV9W0L4Ir\nPIWf5GEmBWae9Fy77JGIAxt5TDmAVePI2Qkt+MM1Qtk/M2o19+JQt5Q9DyshLoxU\nJXpc1Ftw6mvY49jXPPJVWZ2BEiykKtEaPS09T0ECgYBCL9OUmFrCGBeucGnepUtv\n1NFHXzDAZAxPMxKWXvK5JbdXYBznQBDX5bHk2lL71q8ATpimlwrP7SUIa8PMogfA\nIlLCXNLbBbv1d39G6ORwIcL1uvp3y/AQK7hjXNE0S4ivMtEpolh71FdSaA6Z+Ez1\nrL+skLl1rp7HtyKU7A9xxg==\n-----END PRIVATE KEY-----\n",
            "public_key_fingerprint_md5": "b0:0b:dd:ca:e9:1c:92:44:8c:7c:88:a9:ea:9b:8a:c6",
            "public_key_fingerprint_sha256": "SHA256:W4EurkJbYuOk6yc/1lg77/wUjn8/JLY3/u0/SVmRimY",
            "public_key_openssh": "ssh-rsa AAAAB3NzaC1yc2EAAAADAQABAAABAQC+mkYlGA7uvOIBrCe7+9ZP0SRVgxRPqe/sFd1tfaOXAjTL5jxiui6c5T0b9jSy/IlAG7uLEuY/d4uGWPNZJ3Q3C7JjMuQBy/id9Ko0nCtlw2sed5Mu0dVQT5Mbja/qt2cK6vHj0P2rAgnXL6aRsSMLvvOPXKXyuaucZOHuepqr3hJt+bJ3lGbK9NHsy01G4HKNynnoYa7YcX5yLj4ptS+TysnXTMIBNyt5eO2fnyk8wdmHTpezikpFG1X52nLC2+fVD2VVsuFiuU/DFHj7HoqKQd5RkbyxFDevTMYP/bUpTD/ETILLHU9n/NlO7S6qlyC6CyxRfWGOw1l/s0o2yQVl\n",
            "public_key_pem": "-----BEGIN PUBLIC KEY-----\nMIIBIjANBgkqhkiG9w0BAQEFAAOCAQ8AMIIBCgKCAQEAvppGJRgO7rziAawnu/vW\nT9EkVYMUT6nv7BXdbX2jlwI0y+Y8YrounOU9G/Y0svyJQBu7ixLmP3eLhljzWSd0\nNwuyYzLkAcv4nfSqNJwrZcNrHneTLtHVUE+TG42v6rdnCurx49D9qwIJ1y+mkbEj\nC77zj1yl8rmrnGTh7nqaq94Sbfmyd5RmyvTR7MtNRuByjcp56GGu2HF+ci4+KbUv\nk8rJ10zCATcreXjtn58pPMHZh06Xs4pKRRtV+dpywtvn1Q9lVbLhYrlPwxR4+x6K\nikHeUZG8sRQ3r0zGD/21KUw/xEyCyx1PZ/zZTu0uqpcgugssUX1hjsNZf7NKNskF\nZQIDAQAB\n-----END PUBLIC KEY-----\n",
            "rsa_bits": 2048
          },
          "sensitive_attributes": [
            [
              {
                "type": "get_attr",
                "value": "private_key_openssh"
              }
            ],
            [
              {
                "type": "get_attr",
                "value": "private_key_pem"
              }
            ],
            [
              {
                "type": "get_attr",
                "value": "private_key_pem_pkcs8"
              }
            ]
          ]
        }
      ]
    }
  ],
  "check_results": null
}
